
Microsoft Visual Studio Solution File, Format Version 12.00
Project("{FAE04EC0-301F-11D3-BF4B-00C04F79EFBC}") = "_01-WebApiLocalLogging", "_01-WebApiLocalLogging\_01-WebApiLocalLogging.csproj", "{4E506F92-7228-4ABC-9DFA-D4DE707842AA}"
EndProject
Project("{2150E333-8FDC-42A3-9474-1A3956D46DE8}") = "SolutionFolder1", "SolutionFolder1", "{AE91E519-1E5E-4668-9E41-C078FD3C88AA}"
	ProjectSection(SolutionItems) = preProject
		README.md = README.md
		Directory.Packages.props = Directory.Packages.props
		.gitignore = .gitignore
	EndProjectSection
EndProject
Project("{FAE04EC0-301F-11D3-BF4B-00C04F79EFBC}") = "_02-WebApiSerilogLogging", "_02-WebApiSerilogLogging\_02-WebApiSerilogLogging.csproj", "{EBDC3D9C-4185-4A82-8283-31E7E828DC7E}"
EndProject
Project("{FAE04EC0-301F-11D3-BF4B-00C04F79EFBC}") = "_00-VeryBasicConsoleAppLogging", "_00-VeryBasicConsoleAppLogging\_00-VeryBasicConsoleAppLogging.csproj", "{46A1246A-0298-4B55-AFA2-632E0ED6CC0D}"
EndProject
Project("{FAE04EC0-301F-11D3-BF4B-00C04F79EFBC}") = "_03-WebApiLoggingToAppInsights", "_03-WebApiLoggingToAppInsights\_03-WebApiLoggingToAppInsights.csproj", "{D57BB20F-9E18-4337-AD04-335017BDB9DC}"
EndProject
Project("{FAE04EC0-301F-11D3-BF4B-00C04F79EFBC}") = "_04-WebApiOpenTelemetry", "_04-WebApiOpenTelemetry\_04-WebApiOpenTelemetry.csproj", "{C1C35FCE-5C81-44E3-8E58-3F3D2C13C51A}"
EndProject
Project("{FAE04EC0-301F-11D3-BF4B-00C04F79EFBC}") = "_05-WebApiSerilogOtlp", "_05-WebApiSerilogOtlp\_05-WebApiSerilogOtlp.csproj", "{850F066F-EAE2-4374-BCED-3E6B6E28EE89}"
EndProject
Project("{FAE04EC0-301F-11D3-BF4B-00C04F79EFBC}") = "_06-WebApiSerilogAppInsight", "_06-WebApiSerilogAppInsight\_06-WebApiSerilogAppInsight.csproj", "{316D8D43-5006-4315-9030-34F73099E74E}"
EndProject
Global
	GlobalSection(SolutionConfigurationPlatforms) = preSolution
		Debug|Any CPU = Debug|Any CPU
		Release|Any CPU = Release|Any CPU
	EndGlobalSection
	GlobalSection(ProjectConfigurationPlatforms) = postSolution
		{4E506F92-7228-4ABC-9DFA-D4DE707842AA}.Debug|Any CPU.ActiveCfg = Debug|Any CPU
		{4E506F92-7228-4ABC-9DFA-D4DE707842AA}.Debug|Any CPU.Build.0 = Debug|Any CPU
		{4E506F92-7228-4ABC-9DFA-D4DE707842AA}.Release|Any CPU.ActiveCfg = Release|Any CPU
		{4E506F92-7228-4ABC-9DFA-D4DE707842AA}.Release|Any CPU.Build.0 = Release|Any CPU
		{EBDC3D9C-4185-4A82-8283-31E7E828DC7E}.Debug|Any CPU.ActiveCfg = Debug|Any CPU
		{EBDC3D9C-4185-4A82-8283-31E7E828DC7E}.Debug|Any CPU.Build.0 = Debug|Any CPU
		{EBDC3D9C-4185-4A82-8283-31E7E828DC7E}.Release|Any CPU.ActiveCfg = Release|Any CPU
		{EBDC3D9C-4185-4A82-8283-31E7E828DC7E}.Release|Any CPU.Build.0 = Release|Any CPU
		{46A1246A-0298-4B55-AFA2-632E0ED6CC0D}.Debug|Any CPU.ActiveCfg = Debug|Any CPU
		{46A1246A-0298-4B55-AFA2-632E0ED6CC0D}.Debug|Any CPU.Build.0 = Debug|Any CPU
		{46A1246A-0298-4B55-AFA2-632E0ED6CC0D}.Release|Any CPU.ActiveCfg = Release|Any CPU
		{46A1246A-0298-4B55-AFA2-632E0ED6CC0D}.Release|Any CPU.Build.0 = Release|Any CPU
		{D57BB20F-9E18-4337-AD04-335017BDB9DC}.Debug|Any CPU.ActiveCfg = Debug|Any CPU
		{D57BB20F-9E18-4337-AD04-335017BDB9DC}.Debug|Any CPU.Build.0 = Debug|Any CPU
		{D57BB20F-9E18-4337-AD04-335017BDB9DC}.Release|Any CPU.ActiveCfg = Release|Any CPU
		{D57BB20F-9E18-4337-AD04-335017BDB9DC}.Release|Any CPU.Build.0 = Release|Any CPU
		{C1C35FCE-5C81-44E3-8E58-3F3D2C13C51A}.Debug|Any CPU.ActiveCfg = Debug|Any CPU
		{C1C35FCE-5C81-44E3-8E58-3F3D2C13C51A}.Debug|Any CPU.Build.0 = Debug|Any CPU
		{C1C35FCE-5C81-44E3-8E58-3F3D2C13C51A}.Release|Any CPU.ActiveCfg = Release|Any CPU
		{C1C35FCE-5C81-44E3-8E58-3F3D2C13C51A}.Release|Any CPU.Build.0 = Release|Any CPU
		{850F066F-EAE2-4374-BCED-3E6B6E28EE89}.Debug|Any CPU.ActiveCfg = Debug|Any CPU
		{850F066F-EAE2-4374-BCED-3E6B6E28EE89}.Debug|Any CPU.Build.0 = Debug|Any CPU
		{850F066F-EAE2-4374-BCED-3E6B6E28EE89}.Release|Any CPU.ActiveCfg = Release|Any CPU
		{850F066F-EAE2-4374-BCED-3E6B6E28EE89}.Release|Any CPU.Build.0 = Release|Any CPU
		{316D8D43-5006-4315-9030-34F73099E74E}.Debug|Any CPU.ActiveCfg = Debug|Any CPU
		{316D8D43-5006-4315-9030-34F73099E74E}.Debug|Any CPU.Build.0 = Debug|Any CPU
		{316D8D43-5006-4315-9030-34F73099E74E}.Release|Any CPU.ActiveCfg = Release|Any CPU
		{316D8D43-5006-4315-9030-34F73099E74E}.Release|Any CPU.Build.0 = Release|Any CPU
	EndGlobalSection
EndGlobal
